// !$*UTF8*$!
{
	archiveVersion = 1;
	classes = {
	};
	objectVersion = 52;
	objects = {

/* Begin PBXBuildFile section */
		153ECE8023E2212B00922742 /* DatabaseManagerTest.swift in Sources */ = {isa = PBXBuildFile; fileRef = 153ECE7F23E2212B00922742 /* DatabaseManagerTest.swift */; };
		154585FD23DCEA8000A9F2A4 /* Core.framework in Frameworks */ = {isa = PBXBuildFile; fileRef = 154585F323DCEA7F00A9F2A4 /* Core.framework */; };
		1545860223DCEA8000A9F2A4 /* BusinessLogicTests.swift in Sources */ = {isa = PBXBuildFile; fileRef = 1545860123DCEA8000A9F2A4 /* BusinessLogicTests.swift */; };
		1545860423DCEA8000A9F2A4 /* BusinessLogic.h in Headers */ = {isa = PBXBuildFile; fileRef = 154585F623DCEA7F00A9F2A4 /* BusinessLogic.h */; settings = {ATTRIBUTES = (Public, ); }; };
		1545860F23DCEA9D00A9F2A4 /* Networking.framework in Frameworks */ = {isa = PBXBuildFile; fileRef = 1545860E23DCEA9D00A9F2A4 /* Networking.framework */; };
		1545861023DCEA9D00A9F2A4 /* Networking.framework in Embed Frameworks */ = {isa = PBXBuildFile; fileRef = 1545860E23DCEA9D00A9F2A4 /* Networking.framework */; settings = {ATTRIBUTES = (CodeSignOnCopy, RemoveHeadersOnCopy, ); }; };
		1545861323DCEAB600A9F2A4 /* FetchService.swift in Sources */ = {isa = PBXBuildFile; fileRef = 1545861223DCEAB600A9F2A4 /* FetchService.swift */; };
		1545861623DCEB0E00A9F2A4 /* Response.swift in Sources */ = {isa = PBXBuildFile; fileRef = 1545861523DCEB0E00A9F2A4 /* Response.swift */; };
		1545861823DCEB5200A9F2A4 /* Stream.swift in Sources */ = {isa = PBXBuildFile; fileRef = 1545861723DCEB5200A9F2A4 /* Stream.swift */; };
		1545861D23DCED2700A9F2A4 /* URLResponse+Status.swift in Sources */ = {isa = PBXBuildFile; fileRef = 1545861C23DCED2700A9F2A4 /* URLResponse+Status.swift */; };
		155B28B723E19706004C7706 /* Store.swift in Sources */ = {isa = PBXBuildFile; fileRef = 155B28B623E19706004C7706 /* Store.swift */; };
		155B28B923E1A2E3004C7706 /* EngineFactoryTest.swift in Sources */ = {isa = PBXBuildFile; fileRef = 155B28B823E1A2E3004C7706 /* EngineFactoryTest.swift */; };
		155B28BB23E1A3B4004C7706 /* FetchServiceTest.swift in Sources */ = {isa = PBXBuildFile; fileRef = 155B28BA23E1A3B4004C7706 /* FetchServiceTest.swift */; };
		155B28BD23E1AA96004C7706 /* EngineTest.swift in Sources */ = {isa = PBXBuildFile; fileRef = 155B28BC23E1AA96004C7706 /* EngineTest.swift */; };
		15951D2323DDC7DF00AEA993 /* DatabaseManager.swift in Sources */ = {isa = PBXBuildFile; fileRef = 15951D2223DDC7DF00AEA993 /* DatabaseManager.swift */; };
		15951D2923DDC8A400AEA993 /* Engine.swift in Sources */ = {isa = PBXBuildFile; fileRef = 15951D2823DDC8A400AEA993 /* Engine.swift */; };
		15951D2B23DDCABE00AEA993 /* VideoFactory.swift in Sources */ = {isa = PBXBuildFile; fileRef = 15951D2A23DDCABE00AEA993 /* VideoFactory.swift */; };
		15951D2D23DDCAE300AEA993 /* Video.swift in Sources */ = {isa = PBXBuildFile; fileRef = 15951D2C23DDCAE300AEA993 /* Video.swift */; };
		15951D4323DEEE2000AEA993 /* Parser.swift in Sources */ = {isa = PBXBuildFile; fileRef = 1545861923DCEBB500A9F2A4 /* Parser.swift */; };
		15951D4C23DEF8BA00AEA993 /* EngineFactory.swift in Sources */ = {isa = PBXBuildFile; fileRef = 15951D4B23DEF8BA00AEA993 /* EngineFactory.swift */; };
		15B3535623E04504008A08ED /* VideoTest.swift in Sources */ = {isa = PBXBuildFile; fileRef = 15B3535523E04504008A08ED /* VideoTest.swift */; };
		15B3535923E06AC8008A08ED /* ParserTest.swift in Sources */ = {isa = PBXBuildFile; fileRef = 15B3535823E06AC8008A08ED /* ParserTest.swift */; };
		15C65C2923E328CA0017EA64 /* RealmSwift in Frameworks */ = {isa = PBXBuildFile; productRef = 15C65C2823E328CA0017EA64 /* RealmSwift */; };
		15ECB1E423E0923200F30838 /* MemoryLeakTracker.swift in Sources */ = {isa = PBXBuildFile; fileRef = 15ECB1E323E0923200F30838 /* MemoryLeakTracker.swift */; };
/* End PBXBuildFile section */

/* Begin PBXContainerItemProxy section */
		154585FE23DCEA8000A9F2A4 /* PBXContainerItemProxy */ = {
			isa = PBXContainerItemProxy;
			containerPortal = 154585EA23DCEA7F00A9F2A4 /* Project object */;
			proxyType = 1;
			remoteGlobalIDString = 154585F223DCEA7F00A9F2A4;
			remoteInfo = BusinessLogic;
		};
/* End PBXContainerItemProxy section */

/* Begin PBXCopyFilesBuildPhase section */
		1545861123DCEA9D00A9F2A4 /* Embed Frameworks */ = {
			isa = PBXCopyFilesBuildPhase;
			buildActionMask = 2147483647;
			dstPath = "";
			dstSubfolderSpec = 10;
			files = (
				1545861023DCEA9D00A9F2A4 /* Networking.framework in Embed Frameworks */,
			);
			name = "Embed Frameworks";
			runOnlyForDeploymentPostprocessing = 0;
		};
/* End PBXCopyFilesBuildPhase section */

/* Begin PBXFileReference section */
		153ECE7F23E2212B00922742 /* DatabaseManagerTest.swift */ = {isa = PBXFileReference; lastKnownFileType = sourcecode.swift; path = DatabaseManagerTest.swift; sourceTree = "<group>"; };
		154585F323DCEA7F00A9F2A4 /* Core.framework */ = {isa = PBXFileReference; explicitFileType = wrapper.framework; includeInIndex = 0; path = Core.framework; sourceTree = BUILT_PRODUCTS_DIR; };
		154585F623DCEA7F00A9F2A4 /* BusinessLogic.h */ = {isa = PBXFileReference; lastKnownFileType = sourcecode.c.h; path = BusinessLogic.h; sourceTree = "<group>"; };
		154585F723DCEA7F00A9F2A4 /* Info.plist */ = {isa = PBXFileReference; lastKnownFileType = text.plist.xml; path = Info.plist; sourceTree = "<group>"; };
		154585FC23DCEA8000A9F2A4 /* BusinessLogicTests.xctest */ = {isa = PBXFileReference; explicitFileType = wrapper.cfbundle; includeInIndex = 0; path = BusinessLogicTests.xctest; sourceTree = BUILT_PRODUCTS_DIR; };
		1545860123DCEA8000A9F2A4 /* BusinessLogicTests.swift */ = {isa = PBXFileReference; lastKnownFileType = sourcecode.swift; path = BusinessLogicTests.swift; sourceTree = "<group>"; };
		1545860323DCEA8000A9F2A4 /* Info.plist */ = {isa = PBXFileReference; lastKnownFileType = text.plist.xml; path = Info.plist; sourceTree = "<group>"; };
		1545860E23DCEA9D00A9F2A4 /* Networking.framework */ = {isa = PBXFileReference; explicitFileType = wrapper.framework; path = Networking.framework; sourceTree = BUILT_PRODUCTS_DIR; };
		1545861223DCEAB600A9F2A4 /* FetchService.swift */ = {isa = PBXFileReference; lastKnownFileType = sourcecode.swift; path = FetchService.swift; sourceTree = "<group>"; };
		1545861523DCEB0E00A9F2A4 /* Response.swift */ = {isa = PBXFileReference; lastKnownFileType = sourcecode.swift; path = Response.swift; sourceTree = "<group>"; };
		1545861723DCEB5200A9F2A4 /* Stream.swift */ = {isa = PBXFileReference; lastKnownFileType = sourcecode.swift; path = Stream.swift; sourceTree = "<group>"; };
		1545861923DCEBB500A9F2A4 /* Parser.swift */ = {isa = PBXFileReference; lastKnownFileType = sourcecode.swift; path = Parser.swift; sourceTree = "<group>"; };
		1545861C23DCED2700A9F2A4 /* URLResponse+Status.swift */ = {isa = PBXFileReference; lastKnownFileType = sourcecode.swift; path = "URLResponse+Status.swift"; sourceTree = "<group>"; };
		155B28B623E19706004C7706 /* Store.swift */ = {isa = PBXFileReference; lastKnownFileType = sourcecode.swift; path = Store.swift; sourceTree = "<group>"; };
		155B28B823E1A2E3004C7706 /* EngineFactoryTest.swift */ = {isa = PBXFileReference; lastKnownFileType = sourcecode.swift; path = EngineFactoryTest.swift; sourceTree = "<group>"; };
		155B28BA23E1A3B4004C7706 /* FetchServiceTest.swift */ = {isa = PBXFileReference; lastKnownFileType = sourcecode.swift; path = FetchServiceTest.swift; sourceTree = "<group>"; };
		155B28BC23E1AA96004C7706 /* EngineTest.swift */ = {isa = PBXFileReference; lastKnownFileType = sourcecode.swift; path = EngineTest.swift; sourceTree = "<group>"; };
		15951D2223DDC7DF00AEA993 /* DatabaseManager.swift */ = {isa = PBXFileReference; fileEncoding = 4; lastKnownFileType = sourcecode.swift; path = DatabaseManager.swift; sourceTree = "<group>"; };
		15951D2823DDC8A400AEA993 /* Engine.swift */ = {isa = PBXFileReference; lastKnownFileType = sourcecode.swift; path = Engine.swift; sourceTree = "<group>"; };
		15951D2A23DDCABE00AEA993 /* VideoFactory.swift */ = {isa = PBXFileReference; lastKnownFileType = sourcecode.swift; path = VideoFactory.swift; sourceTree = "<group>"; };
		15951D2C23DDCAE300AEA993 /* Video.swift */ = {isa = PBXFileReference; lastKnownFileType = sourcecode.swift; path = Video.swift; sourceTree = "<group>"; };
		15951D4B23DEF8BA00AEA993 /* EngineFactory.swift */ = {isa = PBXFileReference; lastKnownFileType = sourcecode.swift; path = EngineFactory.swift; sourceTree = "<group>"; };
		15B3535523E04504008A08ED /* VideoTest.swift */ = {isa = PBXFileReference; lastKnownFileType = sourcecode.swift; path = VideoTest.swift; sourceTree = "<group>"; };
		15B3535823E06AC8008A08ED /* ParserTest.swift */ = {isa = PBXFileReference; lastKnownFileType = sourcecode.swift; path = ParserTest.swift; sourceTree = "<group>"; };
		15ECB1E323E0923200F30838 /* MemoryLeakTracker.swift */ = {isa = PBXFileReference; fileEncoding = 4; lastKnownFileType = sourcecode.swift; name = MemoryLeakTracker.swift; path = ../../Networking/NetworkingTests/Helpers/MemoryLeakTracker.swift; sourceTree = "<group>"; };
/* End PBXFileReference section */

/* Begin PBXFrameworksBuildPhase section */
		154585F023DCEA7F00A9F2A4 /* Frameworks */ = {
			isa = PBXFrameworksBuildPhase;
			buildActionMask = 2147483647;
			files = (
				15C65C2923E328CA0017EA64 /* RealmSwift in Frameworks */,
				1545860F23DCEA9D00A9F2A4 /* Networking.framework in Frameworks */,
			);
			runOnlyForDeploymentPostprocessing = 0;
		};
		154585F923DCEA8000A9F2A4 /* Frameworks */ = {
			isa = PBXFrameworksBuildPhase;
			buildActionMask = 2147483647;
			files = (
				154585FD23DCEA8000A9F2A4 /* Core.framework in Frameworks */,
			);
			runOnlyForDeploymentPostprocessing = 0;
		};
/* End PBXFrameworksBuildPhase section */

/* Begin PBXGroup section */
		154585E923DCEA7F00A9F2A4 = {
			isa = PBXGroup;
			children = (
				154585F523DCEA7F00A9F2A4 /* BusinessLogic */,
				1545860023DCEA8000A9F2A4 /* BusinessLogicTests */,
				154585F423DCEA7F00A9F2A4 /* Products */,
				1545860D23DCEA9C00A9F2A4 /* Frameworks */,
			);
			sourceTree = "<group>";
		};
		154585F423DCEA7F00A9F2A4 /* Products */ = {
			isa = PBXGroup;
			children = (
				154585F323DCEA7F00A9F2A4 /* Core.framework */,
				154585FC23DCEA8000A9F2A4 /* BusinessLogicTests.xctest */,
			);
			name = Products;
			sourceTree = "<group>";
		};
		154585F523DCEA7F00A9F2A4 /* BusinessLogic */ = {
			isa = PBXGroup;
			children = (
				15951D1E23DDC63500AEA993 /* Database */,
				1545861B23DCED1500A9F2A4 /* Helpers */,
				1545861423DCEAFA00A9F2A4 /* Models */,
				154585F623DCEA7F00A9F2A4 /* BusinessLogic.h */,
				154585F723DCEA7F00A9F2A4 /* Info.plist */,
				1545861223DCEAB600A9F2A4 /* FetchService.swift */,
				1545861923DCEBB500A9F2A4 /* Parser.swift */,
				15951D2823DDC8A400AEA993 /* Engine.swift */,
				15951D4B23DEF8BA00AEA993 /* EngineFactory.swift */,
				155B28B623E19706004C7706 /* Store.swift */,
			);
			path = BusinessLogic;
			sourceTree = "<group>";
		};
		1545860023DCEA8000A9F2A4 /* BusinessLogicTests */ = {
			isa = PBXGroup;
			children = (
				15ECB1E323E0923200F30838 /* MemoryLeakTracker.swift */,
				15B3535723E06ABA008A08ED /* ParserTest */,
				15B3535423E044EE008A08ED /* Video */,
				1545860123DCEA8000A9F2A4 /* BusinessLogicTests.swift */,
				1545860323DCEA8000A9F2A4 /* Info.plist */,
				155B28B823E1A2E3004C7706 /* EngineFactoryTest.swift */,
				155B28BA23E1A3B4004C7706 /* FetchServiceTest.swift */,
				155B28BC23E1AA96004C7706 /* EngineTest.swift */,
				153ECE7F23E2212B00922742 /* DatabaseManagerTest.swift */,
			);
			path = BusinessLogicTests;
			sourceTree = "<group>";
		};
		1545860D23DCEA9C00A9F2A4 /* Frameworks */ = {
			isa = PBXGroup;
			children = (
				1545860E23DCEA9D00A9F2A4 /* Networking.framework */,
			);
			name = Frameworks;
			sourceTree = "<group>";
		};
		1545861423DCEAFA00A9F2A4 /* Models */ = {
			isa = PBXGroup;
			children = (
				1545861523DCEB0E00A9F2A4 /* Response.swift */,
				1545861723DCEB5200A9F2A4 /* Stream.swift */,
				15951D2A23DDCABE00AEA993 /* VideoFactory.swift */,
				15951D2C23DDCAE300AEA993 /* Video.swift */,
			);
			path = Models;
			sourceTree = "<group>";
		};
		1545861B23DCED1500A9F2A4 /* Helpers */ = {
			isa = PBXGroup;
			children = (
				1545861C23DCED2700A9F2A4 /* URLResponse+Status.swift */,
			);
			path = Helpers;
			sourceTree = "<group>";
		};
		15951D1E23DDC63500AEA993 /* Database */ = {
			isa = PBXGroup;
			children = (
				15951D2223DDC7DF00AEA993 /* DatabaseManager.swift */,
			);
			path = Database;
			sourceTree = "<group>";
		};
		15B3535423E044EE008A08ED /* Video */ = {
			isa = PBXGroup;
			children = (
				15B3535523E04504008A08ED /* VideoTest.swift */,
			);
			path = Video;
			sourceTree = "<group>";
		};
		15B3535723E06ABA008A08ED /* ParserTest */ = {
			isa = PBXGroup;
			children = (
				15B3535823E06AC8008A08ED /* ParserTest.swift */,
			);
			path = ParserTest;
			sourceTree = "<group>";
		};
/* End PBXGroup section */

/* Begin PBXHeadersBuildPhase section */
		154585EE23DCEA7F00A9F2A4 /* Headers */ = {
			isa = PBXHeadersBuildPhase;
			buildActionMask = 2147483647;
			files = (
				1545860423DCEA8000A9F2A4 /* BusinessLogic.h in Headers */,
			);
			runOnlyForDeploymentPostprocessing = 0;
		};
/* End PBXHeadersBuildPhase section */

/* Begin PBXNativeTarget section */
		154585F223DCEA7F00A9F2A4 /* Core */ = {
			isa = PBXNativeTarget;
			buildConfigurationList = 1545860723DCEA8000A9F2A4 /* Build configuration list for PBXNativeTarget "Core" */;
			buildPhases = (
				154585EE23DCEA7F00A9F2A4 /* Headers */,
				154585EF23DCEA7F00A9F2A4 /* Sources */,
				154585F023DCEA7F00A9F2A4 /* Frameworks */,
				154585F123DCEA7F00A9F2A4 /* Resources */,
				1545861123DCEA9D00A9F2A4 /* Embed Frameworks */,
			);
			buildRules = (
			);
			dependencies = (
			);
			name = Core;
			packageProductDependencies = (
				15C65C2823E328CA0017EA64 /* RealmSwift */,
			);
			productName = BusinessLogic;
			productReference = 154585F323DCEA7F00A9F2A4 /* Core.framework */;
			productType = "com.apple.product-type.framework";
		};
		154585FB23DCEA8000A9F2A4 /* BusinessLogicTests */ = {
			isa = PBXNativeTarget;
			buildConfigurationList = 1545860A23DCEA8000A9F2A4 /* Build configuration list for PBXNativeTarget "BusinessLogicTests" */;
			buildPhases = (
				154585F823DCEA8000A9F2A4 /* Sources */,
				154585F923DCEA8000A9F2A4 /* Frameworks */,
				154585FA23DCEA8000A9F2A4 /* Resources */,
			);
			buildRules = (
			);
			dependencies = (
				154585FF23DCEA8000A9F2A4 /* PBXTargetDependency */,
			);
			name = BusinessLogicTests;
			productName = BusinessLogicTests;
			productReference = 154585FC23DCEA8000A9F2A4 /* BusinessLogicTests.xctest */;
			productType = "com.apple.product-type.bundle.unit-test";
		};
/* End PBXNativeTarget section */

/* Begin PBXProject section */
		154585EA23DCEA7F00A9F2A4 /* Project object */ = {
			isa = PBXProject;
			attributes = {
				LastSwiftUpdateCheck = 1100;
				LastUpgradeCheck = 1100;
				ORGANIZATIONNAME = Virych;
				TargetAttributes = {
					154585F223DCEA7F00A9F2A4 = {
						CreatedOnToolsVersion = 11.0;
						LastSwiftMigration = 1100;
					};
					154585FB23DCEA8000A9F2A4 = {
						CreatedOnToolsVersion = 11.0;
					};
				};
			};
			buildConfigurationList = 154585ED23DCEA7F00A9F2A4 /* Build configuration list for PBXProject "BusinessLogic" */;
			compatibilityVersion = "Xcode 9.3";
			developmentRegion = en;
			hasScannedForEncodings = 0;
			knownRegions = (
				en,
				Base,
			);
			mainGroup = 154585E923DCEA7F00A9F2A4;
			packageReferences = (
				15C65C2723E328CA0017EA64 /* XCRemoteSwiftPackageReference "realm-cocoa" */,
			);
			productRefGroup = 154585F423DCEA7F00A9F2A4 /* Products */;
			projectDirPath = "";
			projectRoot = "";
			targets = (
				154585F223DCEA7F00A9F2A4 /* Core */,
				154585FB23DCEA8000A9F2A4 /* BusinessLogicTests */,
			);
		};
/* End PBXProject section */

/* Begin PBXResourcesBuildPhase section */
		154585F123DCEA7F00A9F2A4 /* Resources */ = {
			isa = PBXResourcesBuildPhase;
			buildActionMask = 2147483647;
			files = (
			);
			runOnlyForDeploymentPostprocessing = 0;
		};
		154585FA23DCEA8000A9F2A4 /* Resources */ = {
			isa = PBXResourcesBuildPhase;
			buildActionMask = 2147483647;
			files = (
			);
			runOnlyForDeploymentPostprocessing = 0;
		};
/* End PBXResourcesBuildPhase section */

/* Begin PBXSourcesBuildPhase section */
		154585EF23DCEA7F00A9F2A4 /* Sources */ = {
			isa = PBXSourcesBuildPhase;
			buildActionMask = 2147483647;
			files = (
				1545861623DCEB0E00A9F2A4 /* Response.swift in Sources */,
				1545861D23DCED2700A9F2A4 /* URLResponse+Status.swift in Sources */,
				15951D2323DDC7DF00AEA993 /* DatabaseManager.swift in Sources */,
				1545861823DCEB5200A9F2A4 /* Stream.swift in Sources */,
				15951D2D23DDCAE300AEA993 /* Video.swift in Sources */,
				15951D4323DEEE2000AEA993 /* Parser.swift in Sources */,
				155B28B723E19706004C7706 /* Store.swift in Sources */,
				15951D2B23DDCABE00AEA993 /* VideoFactory.swift in Sources */,
				1545861323DCEAB600A9F2A4 /* FetchService.swift in Sources */,
				15951D4C23DEF8BA00AEA993 /* EngineFactory.swift in Sources */,
				15951D2923DDC8A400AEA993 /* Engine.swift in Sources */,
			);
			runOnlyForDeploymentPostprocessing = 0;
		};
		154585F823DCEA8000A9F2A4 /* Sources */ = {
			isa = PBXSourcesBuildPhase;
			buildActionMask = 2147483647;
			files = (
				15ECB1E423E0923200F30838 /* MemoryLeakTracker.swift in Sources */,
				1545860223DCEA8000A9F2A4 /* BusinessLogicTests.swift in Sources */,
				155B28BB23E1A3B4004C7706 /* FetchServiceTest.swift in Sources */,
				15B3535623E04504008A08ED /* VideoTest.swift in Sources */,
				153ECE8023E2212B00922742 /* DatabaseManagerTest.swift in Sources */,
				155B28BD23E1AA96004C7706 /* EngineTest.swift in Sources */,
				155B28B923E1A2E3004C7706 /* EngineFactoryTest.swift in Sources */,
				15B3535923E06AC8008A08ED /* ParserTest.swift in Sources */,
			);
			runOnlyForDeploymentPostprocessing = 0;
		};
/* End PBXSourcesBuildPhase section */

/* Begin PBXTargetDependency section */
		154585FF23DCEA8000A9F2A4 /* PBXTargetDependency */ = {
			isa = PBXTargetDependency;
			target = 154585F223DCEA7F00A9F2A4 /* Core */;
			targetProxy = 154585FE23DCEA8000A9F2A4 /* PBXContainerItemProxy */;
		};
/* End PBXTargetDependency section */

/* Begin XCBuildConfiguration section */
		1545860523DCEA8000A9F2A4 /* Debug */ = {
			isa = XCBuildConfiguration;
			buildSettings = {
				ALWAYS_SEARCH_USER_PATHS = NO;
				CLANG_ANALYZER_NONNULL = YES;
				CLANG_ANALYZER_NUMBER_OBJECT_CONVERSION = YES_AGGRESSIVE;
				CLANG_CXX_LANGUAGE_STANDARD = "gnu++14";
				CLANG_CXX_LIBRARY = "libc++";
				CLANG_ENABLE_MODULES = YES;
				CLANG_ENABLE_OBJC_ARC = YES;
				CLANG_ENABLE_OBJC_WEAK = YES;
				CLANG_WARN_BLOCK_CAPTURE_AUTORELEASING = YES;
				CLANG_WARN_BOOL_CONVERSION = YES;
				CLANG_WARN_COMMA = YES;
				CLANG_WARN_CONSTANT_CONVERSION = YES;
				CLANG_WARN_DEPRECATED_OBJC_IMPLEMENTATIONS = YES;
				CLANG_WARN_DIRECT_OBJC_ISA_USAGE = YES_ERROR;
				CLANG_WARN_DOCUMENTATION_COMMENTS = YES;
				CLANG_WARN_EMPTY_BODY = YES;
				CLANG_WARN_ENUM_CONVERSION = YES;
				CLANG_WARN_INFINITE_RECURSION = YES;
				CLANG_WARN_INT_CONVERSION = YES;
				CLANG_WARN_NON_LITERAL_NULL_CONVERSION = YES;
				CLANG_WARN_OBJC_IMPLICIT_RETAIN_SELF = YES;
				CLANG_WARN_OBJC_LITERAL_CONVERSION = YES;
				CLANG_WARN_OBJC_ROOT_CLASS = YES_ERROR;
				CLANG_WARN_RANGE_LOOP_ANALYSIS = YES;
				CLANG_WARN_STRICT_PROTOTYPES = YES;
				CLANG_WARN_SUSPICIOUS_MOVE = YES;
				CLANG_WARN_UNGUARDED_AVAILABILITY = YES_AGGRESSIVE;
				CLANG_WARN_UNREACHABLE_CODE = YES;
				CLANG_WARN__DUPLICATE_METHOD_MATCH = YES;
				COPY_PHASE_STRIP = NO;
				CURRENT_PROJECT_VERSION = 1;
				DEBUG_INFORMATION_FORMAT = dwarf;
				ENABLE_STRICT_OBJC_MSGSEND = YES;
				ENABLE_TESTABILITY = YES;
				GCC_C_LANGUAGE_STANDARD = gnu11;
				GCC_DYNAMIC_NO_PIC = NO;
				GCC_NO_COMMON_BLOCKS = YES;
				GCC_OPTIMIZATION_LEVEL = 0;
				GCC_PREPROCESSOR_DEFINITIONS = (
					"DEBUG=1",
					"$(inherited)",
				);
				GCC_WARN_64_TO_32_BIT_CONVERSION = YES;
				GCC_WARN_ABOUT_RETURN_TYPE = YES_ERROR;
				GCC_WARN_UNDECLARED_SELECTOR = YES;
				GCC_WARN_UNINITIALIZED_AUTOS = YES_AGGRESSIVE;
				GCC_WARN_UNUSED_FUNCTION = YES;
				GCC_WARN_UNUSED_VARIABLE = YES;
				IPHONEOS_DEPLOYMENT_TARGET = 13.0;
				MTL_ENABLE_DEBUG_INFO = INCLUDE_SOURCE;
				MTL_FAST_MATH = YES;
				ONLY_ACTIVE_ARCH = YES;
				SDKROOT = iphoneos;
				SWIFT_ACTIVE_COMPILATION_CONDITIONS = DEBUG;
				SWIFT_OPTIMIZATION_LEVEL = "-Onone";
				VERSIONING_SYSTEM = "apple-generic";
				VERSION_INFO_PREFIX = "";
			};
			name = Debug;
		};
		1545860623DCEA8000A9F2A4 /* Release */ = {
			isa = XCBuildConfiguration;
			buildSettings = {
				ALWAYS_SEARCH_USER_PATHS = NO;
				CLANG_ANALYZER_NONNULL = YES;
				CLANG_ANALYZER_NUMBER_OBJECT_CONVERSION = YES_AGGRESSIVE;
				CLANG_CXX_LANGUAGE_STANDARD = "gnu++14";
				CLANG_CXX_LIBRARY = "libc++";
				CLANG_ENABLE_MODULES = YES;
				CLANG_ENABLE_OBJC_ARC = YES;
				CLANG_ENABLE_OBJC_WEAK = YES;
				CLANG_WARN_BLOCK_CAPTURE_AUTORELEASING = YES;
				CLANG_WARN_BOOL_CONVERSION = YES;
				CLANG_WARN_COMMA = YES;
				CLANG_WARN_CONSTANT_CONVERSION = YES;
				CLANG_WARN_DEPRECATED_OBJC_IMPLEMENTATIONS = YES;
				CLANG_WARN_DIRECT_OBJC_ISA_USAGE = YES_ERROR;
				CLANG_WARN_DOCUMENTATION_COMMENTS = YES;
				CLANG_WARN_EMPTY_BODY = YES;
				CLANG_WARN_ENUM_CONVERSION = YES;
				CLANG_WARN_INFINITE_RECURSION = YES;
				CLANG_WARN_INT_CONVERSION = YES;
				CLANG_WARN_NON_LITERAL_NULL_CONVERSION = YES;
				CLANG_WARN_OBJC_IMPLICIT_RETAIN_SELF = YES;
				CLANG_WARN_OBJC_LITERAL_CONVERSION = YES;
				CLANG_WARN_OBJC_ROOT_CLASS = YES_ERROR;
				CLANG_WARN_RANGE_LOOP_ANALYSIS = YES;
				CLANG_WARN_STRICT_PROTOTYPES = YES;
				CLANG_WARN_SUSPICIOUS_MOVE = YES;
				CLANG_WARN_UNGUARDED_AVAILABILITY = YES_AGGRESSIVE;
				CLANG_WARN_UNREACHABLE_CODE = YES;
				CLANG_WARN__DUPLICATE_METHOD_MATCH = YES;
				COPY_PHASE_STRIP = NO;
				CURRENT_PROJECT_VERSION = 1;
				DEBUG_INFORMATION_FORMAT = "dwarf-with-dsym";
				ENABLE_NS_ASSERTIONS = NO;
				ENABLE_STRICT_OBJC_MSGSEND = YES;
				GCC_C_LANGUAGE_STANDARD = gnu11;
				GCC_NO_COMMON_BLOCKS = YES;
				GCC_WARN_64_TO_32_BIT_CONVERSION = YES;
				GCC_WARN_ABOUT_RETURN_TYPE = YES_ERROR;
				GCC_WARN_UNDECLARED_SELECTOR = YES;
				GCC_WARN_UNINITIALIZED_AUTOS = YES_AGGRESSIVE;
				GCC_WARN_UNUSED_FUNCTION = YES;
				GCC_WARN_UNUSED_VARIABLE = YES;
				IPHONEOS_DEPLOYMENT_TARGET = 13.0;
				MTL_ENABLE_DEBUG_INFO = NO;
				MTL_FAST_MATH = YES;
				SDKROOT = iphoneos;
				SWIFT_COMPILATION_MODE = wholemodule;
				SWIFT_OPTIMIZATION_LEVEL = "-O";
				VALIDATE_PRODUCT = YES;
				VERSIONING_SYSTEM = "apple-generic";
				VERSION_INFO_PREFIX = "";
			};
			name = Release;
		};
		1545860823DCEA8000A9F2A4 /* Debug */ = {
			isa = XCBuildConfiguration;
			buildSettings = {
				CLANG_ENABLE_MODULES = YES;
				CODE_SIGN_STYLE = Automatic;
				DEFINES_MODULE = YES;
				DEVELOPMENT_TEAM = NL53BFH4CA;
				DYLIB_COMPATIBILITY_VERSION = 1;
				DYLIB_CURRENT_VERSION = 1;
				DYLIB_INSTALL_NAME_BASE = "@rpath";
				INFOPLIST_FILE = BusinessLogic/Info.plist;
				INSTALL_PATH = "$(LOCAL_LIBRARY_DIR)/Frameworks";
				LD_RUNPATH_SEARCH_PATHS = (
					"$(inherited)",
					"@executable_path/Frameworks",
					"@loader_path/Frameworks",
				);
				PRODUCT_BUNDLE_IDENTIFIER = com.virych.BusinessLogic;
				PRODUCT_NAME = "$(TARGET_NAME:c99extidentifier)";
				SKIP_INSTALL = YES;
				SWIFT_OPTIMIZATION_LEVEL = "-Onone";
				SWIFT_VERSION = 5.0;
				TARGETED_DEVICE_FAMILY = "1,2";
			};
			name = Debug;
		};
		1545860923DCEA8000A9F2A4 /* Release */ = {
			isa = XCBuildConfiguration;
			buildSettings = {
				CLANG_ENABLE_MODULES = YES;
				CODE_SIGN_STYLE = Automatic;
				DEFINES_MODULE = YES;
				DEVELOPMENT_TEAM = NL53BFH4CA;
				DYLIB_COMPATIBILITY_VERSION = 1;
				DYLIB_CURRENT_VERSION = 1;
				DYLIB_INSTALL_NAME_BASE = "@rpath";
				INFOPLIST_FILE = BusinessLogic/Info.plist;
				INSTALL_PATH = "$(LOCAL_LIBRARY_DIR)/Frameworks";
				LD_RUNPATH_SEARCH_PATHS = (
					"$(inherited)",
					"@executable_path/Frameworks",
					"@loader_path/Frameworks",
				);
				PRODUCT_BUNDLE_IDENTIFIER = com.virych.BusinessLogic;
				PRODUCT_NAME = "$(TARGET_NAME:c99extidentifier)";
				SKIP_INSTALL = YES;
				SWIFT_VERSION = 5.0;
				TARGETED_DEVICE_FAMILY = "1,2";
			};
			name = Release;
		};
		1545860B23DCEA8000A9F2A4 /* Debug */ = {
			isa = XCBuildConfiguration;
			buildSettings = {
				ALWAYS_EMBED_SWIFT_STANDARD_LIBRARIES = YES;
				CODE_SIGN_STYLE = Automatic;
				DEVELOPMENT_TEAM = NL53BFH4CA;
				INFOPLIST_FILE = BusinessLogicTests/Info.plist;
				LD_RUNPATH_SEARCH_PATHS = (
					"$(inherited)",
					"@executable_path/Frameworks",
					"@loader_path/Frameworks",
				);
				PRODUCT_BUNDLE_IDENTIFIER = com.virych.BusinessLogicTests;
				PRODUCT_NAME = "$(TARGET_NAME)";
				SWIFT_VERSION = 5.0;
				TARGETED_DEVICE_FAMILY = "1,2";
			};
			name = Debug;
		};
		1545860C23DCEA8000A9F2A4 /* Release */ = {
			isa = XCBuildConfiguration;
			buildSettings = {
				ALWAYS_EMBED_SWIFT_STANDARD_LIBRARIES = YES;
				CODE_SIGN_STYLE = Automatic;
				DEVELOPMENT_TEAM = NL53BFH4CA;
				INFOPLIST_FILE = BusinessLogicTests/Info.plist;
				LD_RUNPATH_SEARCH_PATHS = (
					"$(inherited)",
					"@executable_path/Frameworks",
					"@loader_path/Frameworks",
				);
				PRODUCT_BUNDLE_IDENTIFIER = com.virych.BusinessLogicTests;
				PRODUCT_NAME = "$(TARGET_NAME)";
				SWIFT_VERSION = 5.0;
				TARGETED_DEVICE_FAMILY = "1,2";
			};
			name = Release;
		};
/* End XCBuildConfiguration section */

/* Begin XCConfigurationList section */
		154585ED23DCEA7F00A9F2A4 /* Build configuration list for PBXProject "BusinessLogic" */ = {
			isa = XCConfigurationList;
			buildConfigurations = (
				1545860523DCEA8000A9F2A4 /* Debug */,
				1545860623DCEA8000A9F2A4 /* Release */,
			);
			defaultConfigurationIsVisible = 0;
			defaultConfigurationName = Release;
		};
		1545860723DCEA8000A9F2A4 /* Build configuration list for PBXNativeTarget "Core" */ = {
			isa = XCConfigurationList;
			buildConfigurations = (
				1545860823DCEA8000A9F2A4 /* Debug */,
				1545860923DCEA8000A9F2A4 /* Release */,
			);
			defaultConfigurationIsVisible = 0;
			defaultConfigurationName = Release;
		};
		1545860A23DCEA8000A9F2A4 /* Build configuration list for PBXNativeTarget "BusinessLogicTests" */ = {
			isa = XCConfigurationList;
			buildConfigurations = (
				1545860B23DCEA8000A9F2A4 /* Debug */,
				1545860C23DCEA8000A9F2A4 /* Release */,
			);
			defaultConfigurationIsVisible = 0;
			defaultConfigurationName = Release;
		};
/* End XCConfigurationList section */

/* Begin XCRemoteSwiftPackageReference section */
		15C65C2723E328CA0017EA64 /* XCRemoteSwiftPackageReference "realm-cocoa" */ = {
			isa = XCRemoteSwiftPackageReference;
			repositoryURL = "https://github.com/realm/realm-cocoa.git";
			requirement = {
				kind = upToNextMajorVersion;
				minimumVersion = 4.3.1;
			};
		};
/* End XCRemoteSwiftPackageReference section */

/* Begin XCSwiftPackageProductDependency section */
		15C65C2823E328CA0017EA64 /* RealmSwift */ = {
			isa = XCSwiftPackageProductDependency;
			package = 15C65C2723E328CA0017EA64 /* XCRemoteSwiftPackageReference "realm-cocoa" */;
			productName = RealmSwift;
		};
/* End XCSwiftPackageProductDependency section */
	};
	rootObject = 154585EA23DCEA7F00A9F2A4 /* Project object */;
}
